
Microsoft Visual Studio Solution File, Format Version 12.00
# Visual Studio 15
VisualStudioVersion = 15.0.28307.489
MinimumVisualStudioVersion = 10.0.40219.1
Project("{FAE04EC0-301F-11D3-BF4B-00C04F79EFBC}") = "WpfInverseMatrix", "WpfInverseMatrix\WpfInverseMatrix.csproj", "{E91329D6-EAAC-4F03-8CFB-ABC0A403FB14}"
EndProject
Global
	GlobalSection(SolutionConfigurationPlatforms) = preSolution
		Debug|Any CPU = Debug|Any CPU
		Release|Any CPU = Release|Any CPU
	EndGlobalSection
	GlobalSection(ProjectConfigurationPlatforms) = postSolution
		{E91329D6-EAAC-4F03-8CFB-ABC0A403FB14}.Debug|Any CPU.ActiveCfg = Debug|Any CPU
		{E91329D6-EAAC-4F03-8CFB-ABC0A403FB14}.Debug|Any CPU.Build.0 = Debug|Any CPU
		{E91329D6-EAAC-4F03-8CFB-ABC0A403FB14}.Release|Any CPU.ActiveCfg = Release|Any CPU
		{E91329D6-EAAC-4F03-8CFB-ABC0A403FB14}.Release|Any CPU.Build.0 = Release|Any CPU
	EndGlobalSection
	GlobalSection(SolutionProperties) = preSolution
		HideSolutionNode = FALSE
	EndGlobalSection
	GlobalSection(ExtensibilityGlobals) = postSolution
		SolutionGuid = {966061A3-E2D8-4155-B555-98B85E110D46}
	EndGlobalSection
EndGlobal
